
Microsoft Visual Studio Solution File, Format Version 12.00
# Visual Studio 15
Project("{FAE04EC0-301F-11D3-BF4B-00C04F79EFBC}") = "Assembly-CSharp", "Assembly-CSharp.csproj", "{5CF43C98-0951-6988-4882-5B0F365D499F}"
EndProject
Project("{FAE04EC0-301F-11D3-BF4B-00C04F79EFBC}") = "Assembly-CSharp-Editor", "Assembly-CSharp-Editor.csproj", "{31AE409D-BB17-8E4C-6C83-AE73AD5C1B5E}"
EndProject
Global
	GlobalSection(SolutionConfigurationPlatforms) = preSolution
		Debug|Any CPU = Debug|Any CPU
		Release|Any CPU = Release|Any CPU
	EndGlobalSection
	GlobalSection(ProjectConfigurationPlatforms) = postSolution
		{5CF43C98-0951-6988-4882-5B0F365D499F}.Debug|Any CPU.ActiveCfg = Debug|Any CPU
		{5CF43C98-0951-6988-4882-5B0F365D499F}.Debug|Any CPU.Build.0 = Debug|Any CPU
		{5CF43C98-0951-6988-4882-5B0F365D499F}.Release|Any CPU.ActiveCfg = Release|Any CPU
		{5CF43C98-0951-6988-4882-5B0F365D499F}.Release|Any CPU.Build.0 = Release|Any CPU
		{31AE409D-BB17-8E4C-6C83-AE73AD5C1B5E}.Debug|Any CPU.ActiveCfg = Debug|Any CPU
		{31AE409D-BB17-8E4C-6C83-AE73AD5C1B5E}.Debug|Any CPU.Build.0 = Debug|Any CPU
		{31AE409D-BB17-8E4C-6C83-AE73AD5C1B5E}.Release|Any CPU.ActiveCfg = Release|Any CPU
		{31AE409D-BB17-8E4C-6C83-AE73AD5C1B5E}.Release|Any CPU.Build.0 = Release|Any CPU
	EndGlobalSection
	GlobalSection(SolutionProperties) = preSolution
		HideSolutionNode = FALSE
	EndGlobalSection
EndGlobal
